
Microsoft Visual Studio Solution File, Format Version 12.00
# Visual Studio 15
VisualStudioVersion = 15.0.28307.757
MinimumVisualStudioVersion = 10.0.40219.1
Project("{FAE04EC0-301F-11D3-BF4B-00C04F79EFBC}") = "TP_Contact_C_K", "TP_Contact_C_K\TP_Contact_C_K.csproj", "{E182638D-F202-4535-AC0D-96F9E06C2F6D}"
EndProject
Project("{FAE04EC0-301F-11D3-BF4B-00C04F79EFBC}") = "View", "View\View.csproj", "{46D77631-A9AF-4484-B1E2-44007EDE9B03}"
EndProject
Project("{FAE04EC0-301F-11D3-BF4B-00C04F79EFBC}") = "Model", "Model\Model.csproj", "{F9645741-5A2D-4B78-AD1E-6C7A51EAF0F6}"
EndProject
Project("{FAE04EC0-301F-11D3-BF4B-00C04F79EFBC}") = "DAL", "DAL\DAL.csproj", "{77618785-80A8-4377-8F28-144FCC395D7E}"
EndProject
Project("{FAE04EC0-301F-11D3-BF4B-00C04F79EFBC}") = "BLL", "BLL\BLL.csproj", "{CE07CEF3-84F7-47B0-8B7D-D5B4B1347C48}"
EndProject
Global
	GlobalSection(SolutionConfigurationPlatforms) = preSolution
		Debug|Any CPU = Debug|Any CPU
		Release|Any CPU = Release|Any CPU
	EndGlobalSection
	GlobalSection(ProjectConfigurationPlatforms) = postSolution
		{E182638D-F202-4535-AC0D-96F9E06C2F6D}.Debug|Any CPU.ActiveCfg = Debug|Any CPU
		{E182638D-F202-4535-AC0D-96F9E06C2F6D}.Debug|Any CPU.Build.0 = Debug|Any CPU
		{E182638D-F202-4535-AC0D-96F9E06C2F6D}.Release|Any CPU.ActiveCfg = Release|Any CPU
		{E182638D-F202-4535-AC0D-96F9E06C2F6D}.Release|Any CPU.Build.0 = Release|Any CPU
		{46D77631-A9AF-4484-B1E2-44007EDE9B03}.Debug|Any CPU.ActiveCfg = Debug|Any CPU
		{46D77631-A9AF-4484-B1E2-44007EDE9B03}.Debug|Any CPU.Build.0 = Debug|Any CPU
		{46D77631-A9AF-4484-B1E2-44007EDE9B03}.Release|Any CPU.ActiveCfg = Release|Any CPU
		{46D77631-A9AF-4484-B1E2-44007EDE9B03}.Release|Any CPU.Build.0 = Release|Any CPU
		{F9645741-5A2D-4B78-AD1E-6C7A51EAF0F6}.Debug|Any CPU.ActiveCfg = Debug|Any CPU
		{F9645741-5A2D-4B78-AD1E-6C7A51EAF0F6}.Debug|Any CPU.Build.0 = Debug|Any CPU
		{F9645741-5A2D-4B78-AD1E-6C7A51EAF0F6}.Release|Any CPU.ActiveCfg = Release|Any CPU
		{F9645741-5A2D-4B78-AD1E-6C7A51EAF0F6}.Release|Any CPU.Build.0 = Release|Any CPU
		{77618785-80A8-4377-8F28-144FCC395D7E}.Debug|Any CPU.ActiveCfg = Debug|Any CPU
		{77618785-80A8-4377-8F28-144FCC395D7E}.Debug|Any CPU.Build.0 = Debug|Any CPU
		{77618785-80A8-4377-8F28-144FCC395D7E}.Release|Any CPU.ActiveCfg = Release|Any CPU
		{77618785-80A8-4377-8F28-144FCC395D7E}.Release|Any CPU.Build.0 = Release|Any CPU
		{CE07CEF3-84F7-47B0-8B7D-D5B4B1347C48}.Debug|Any CPU.ActiveCfg = Debug|Any CPU
		{CE07CEF3-84F7-47B0-8B7D-D5B4B1347C48}.Debug|Any CPU.Build.0 = Debug|Any CPU
		{CE07CEF3-84F7-47B0-8B7D-D5B4B1347C48}.Release|Any CPU.ActiveCfg = Release|Any CPU
		{CE07CEF3-84F7-47B0-8B7D-D5B4B1347C48}.Release|Any CPU.Build.0 = Release|Any CPU
	EndGlobalSection
	GlobalSection(SolutionProperties) = preSolution
		HideSolutionNode = FALSE
	EndGlobalSection
	GlobalSection(ExtensibilityGlobals) = postSolution
		SolutionGuid = {BD9C7E8C-C993-4FAD-B0A6-6FCE904E4F44}
	EndGlobalSection
EndGlobal
